
Microsoft Visual Studio Solution File, Format Version 12.00
# Visual Studio Version 17
VisualStudioVersion = 17.2.32616.157
MinimumVisualStudioVersion = 10.0.40219.1
Project("{9A19103F-16F7-4668-BE54-9A1E7A4F7556}") = "1.DAL", "1.DAL\1.DAL.csproj", "{732ED8FA-7ED0-4A48-9DCB-B795B1C84FAF}"
EndProject
Project("{9A19103F-16F7-4668-BE54-9A1E7A4F7556}") = "2.BUS", "2.BUS\2.BUS.csproj", "{5CEA64CA-A731-4248-B751-6DF9500AB2A8}"
EndProject
Project("{9A19103F-16F7-4668-BE54-9A1E7A4F7556}") = "3.PL", "3.PL\3.PL.csproj", "{179876FD-2EFD-4BA7-BA9C-324FD433C3D6}"
EndProject
Global
	GlobalSection(SolutionConfigurationPlatforms) = preSolution
		Debug|Any CPU = Debug|Any CPU
		Release|Any CPU = Release|Any CPU
	EndGlobalSection
	GlobalSection(ProjectConfigurationPlatforms) = postSolution
		{732ED8FA-7ED0-4A48-9DCB-B795B1C84FAF}.Debug|Any CPU.ActiveCfg = Debug|Any CPU
		{732ED8FA-7ED0-4A48-9DCB-B795B1C84FAF}.Debug|Any CPU.Build.0 = Debug|Any CPU
		{732ED8FA-7ED0-4A48-9DCB-B795B1C84FAF}.Release|Any CPU.ActiveCfg = Release|Any CPU
		{732ED8FA-7ED0-4A48-9DCB-B795B1C84FAF}.Release|Any CPU.Build.0 = Release|Any CPU
		{5CEA64CA-A731-4248-B751-6DF9500AB2A8}.Debug|Any CPU.ActiveCfg = Debug|Any CPU
		{5CEA64CA-A731-4248-B751-6DF9500AB2A8}.Debug|Any CPU.Build.0 = Debug|Any CPU
		{5CEA64CA-A731-4248-B751-6DF9500AB2A8}.Release|Any CPU.ActiveCfg = Release|Any CPU
		{5CEA64CA-A731-4248-B751-6DF9500AB2A8}.Release|Any CPU.Build.0 = Release|Any CPU
		{179876FD-2EFD-4BA7-BA9C-324FD433C3D6}.Debug|Any CPU.ActiveCfg = Debug|Any CPU
		{179876FD-2EFD-4BA7-BA9C-324FD433C3D6}.Debug|Any CPU.Build.0 = Debug|Any CPU
		{179876FD-2EFD-4BA7-BA9C-324FD433C3D6}.Release|Any CPU.ActiveCfg = Release|Any CPU
		{179876FD-2EFD-4BA7-BA9C-324FD433C3D6}.Release|Any CPU.Build.0 = Release|Any CPU
	EndGlobalSection
	GlobalSection(SolutionProperties) = preSolution
		HideSolutionNode = FALSE
	EndGlobalSection
	GlobalSection(ExtensibilityGlobals) = postSolution
		SolutionGuid = {E2BAD13C-DE01-44F1-A8D1-EC8F28203597}
	EndGlobalSection
EndGlobal
